{
  "version": 4,
  "terraform_version": "1.5.7",
  "serial": 18,
  "lineage": "e1481234-f96d-2267-9da2-a3e31d1d0db6",
  "outputs": {},
  "resources": [
    {
      "mode": "managed",
      "type": "aws_key_pair",
      "name": "terraform-keypair",
      "provider": "provider[\"registry.terraform.io/hashicorp/aws\"]",
      "instances": [
        {
          "schema_version": 1,
          "attributes": {
            "arn": "arn:aws:ec2:us-east-1:143565854368:key-pair/terraform-keypair",
            "fingerprint": "df:c8:36:19:b1:88:0c:46:0f:15:01:3a:7f:60:52:63",
            "id": "terraform-keypair",
            "key_name": "terraform-keypair",
            "key_name_prefix": "",
            "key_pair_id": "key-041b00315997959ba",
            "key_type": "rsa",
            "public_key": "ssh-rsa AAAAB3NzaC1yc2EAAAADAQABAAABgQC6sPFdtwP/Z/ctDOgVu0qaHLBc6CkOtfj9/mmgS9lnEpiSk1Yg2Cglohxg/I8XmPUyB3O9sVuWlyzzJebvLYEUCEMjJwmH7Qb27OD4mqtydjEwG27DrSDm4zkPBhkDaHpJ+XTftViQWqYl+zDARZcoaM0nBNZAE8RMAEdeCYM73LaqXFJSHUTaGP6M2Vy6o5lQna07ric2sroOEtr6J4afpPQqMMPzEhjBr6d1zRbvkcuXq+V/ahr2g39aTi69/AQQTpYWXmElulH2S+rFEePGp4tr4oFlPUzVkiplQqUymlCyOMbt5LEFpPcGKCLRWAt37X7D8z3eOduzbgePJSmjREdLgshpdmAX19bIcU1uGXKTL4HavRnPpfjLI/8zELroRI2cPqSWx/sJvySGwblbmp86Szae5CSUzCtt/pJN9lJKYW/wurzAyVELe35juK5SVjNti6LJzsfCuVOqjUoVXAEsjW/qnJE4l1WZvBCG5siZp86P4LtiAtGvtz/dels= edson-andrade@LT-000020-BASE",
            "tags": null,
            "tags_all": {}
          },
          "sensitive_attributes": [],
          "private": "eyJzY2hlbWFfdmVyc2lvbiI6IjEifQ=="
        }
      ]
    }
  ],
  "check_results": null
}
